// !$*UTF8*$!
{
	archiveVersion = 1;
	classes = {
	};
	objectVersion = 48;
	objects = {

/* Begin PBXBuildFile section */
		B591FE2E1FE5F98700431F16 /* NSString+AKAIIStringEncoding.h in Headers */ = {isa = PBXBuildFile; fileRef = B591FE2C1FE5F98700431F16 /* NSString+AKAIIStringEncoding.h */; };
		B591FE2F1FE5F98700431F16 /* NSString+AKAIIStringEncoding.m in Sources */ = {isa = PBXBuildFile; fileRef = B591FE2D1FE5F98700431F16 /* NSString+AKAIIStringEncoding.m */; };
		B591FE381FE5F9FD00431F16 /* AKAIIStringEncodingTests.m in Sources */ = {isa = PBXBuildFile; fileRef = B591FE371FE5F9FD00431F16 /* AKAIIStringEncodingTests.m */; };
		B591FE3A1FE5F9FD00431F16 /* libAKAIIStringEncoding.a in Frameworks */ = {isa = PBXBuildFile; fileRef = B591FE201FE5F95300431F16 /* libAKAIIStringEncoding.a */; };
		B591FE401FE5FB8C00431F16 /* NSString+AKAIIStringEncoding.m in Sources */ = {isa = PBXBuildFile; fileRef = B591FE2D1FE5F98700431F16 /* NSString+AKAIIStringEncoding.m */; };
/* End PBXBuildFile section */

/* Begin PBXContainerItemProxy section */
		B591FE3B1FE5F9FD00431F16 /* PBXContainerItemProxy */ = {
			isa = PBXContainerItemProxy;
			containerPortal = B591FE181FE5F95300431F16 /* Project object */;
			proxyType = 1;
			remoteGlobalIDString = B591FE1F1FE5F95300431F16;
			remoteInfo = AKAIIStringEncoding;
		};
/* End PBXContainerItemProxy section */

/* Begin PBXFileReference section */
		B591FE201FE5F95300431F16 /* libAKAIIStringEncoding.a */ = {isa = PBXFileReference; explicitFileType = archive.ar; includeInIndex = 0; path = libAKAIIStringEncoding.a; sourceTree = BUILT_PRODUCTS_DIR; };
		B591FE2C1FE5F98700431F16 /* NSString+AKAIIStringEncoding.h */ = {isa = PBXFileReference; lastKnownFileType = sourcecode.c.h; path = "NSString+AKAIIStringEncoding.h"; sourceTree = "<group>"; };
		B591FE2D1FE5F98700431F16 /* NSString+AKAIIStringEncoding.m */ = {isa = PBXFileReference; lastKnownFileType = sourcecode.c.objc; path = "NSString+AKAIIStringEncoding.m"; sourceTree = "<group>"; };
		B591FE301FE5F9C000431F16 /* README.md */ = {isa = PBXFileReference; lastKnownFileType = net.daringfireball.markdown; path = README.md; sourceTree = "<group>"; };
		B591FE351FE5F9FD00431F16 /* AKAIIStringEncodingTests.xctest */ = {isa = PBXFileReference; explicitFileType = wrapper.cfbundle; includeInIndex = 0; path = AKAIIStringEncodingTests.xctest; sourceTree = BUILT_PRODUCTS_DIR; };
		B591FE371FE5F9FD00431F16 /* AKAIIStringEncodingTests.m */ = {isa = PBXFileReference; lastKnownFileType = sourcecode.c.objc; path = AKAIIStringEncodingTests.m; sourceTree = "<group>"; };
		B591FE391FE5F9FD00431F16 /* Info.plist */ = {isa = PBXFileReference; lastKnownFileType = text.plist.xml; path = Info.plist; sourceTree = "<group>"; };
/* End PBXFileReference section */

/* Begin PBXFrameworksBuildPhase section */
		B591FE1D1FE5F95300431F16 /* Frameworks */ = {
			isa = PBXFrameworksBuildPhase;
			buildActionMask = 2147483647;
			files = (
			);
			runOnlyForDeploymentPostprocessing = 0;
		};
		B591FE321FE5F9FD00431F16 /* Frameworks */ = {
			isa = PBXFrameworksBuildPhase;
			buildActionMask = 2147483647;
			files = (
				B591FE3A1FE5F9FD00431F16 /* libAKAIIStringEncoding.a in Frameworks */,
			);
			runOnlyForDeploymentPostprocessing = 0;
		};
/* End PBXFrameworksBuildPhase section */

/* Begin PBXGroup section */
		B591FE171FE5F95300431F16 = {
			isa = PBXGroup;
			children = (
				B591FE301FE5F9C000431F16 /* README.md */,
				B591FE221FE5F95300431F16 /* AKAIIStringEncoding */,
				B591FE361FE5F9FD00431F16 /* AKAIIStringEncodingTests */,
				B591FE211FE5F95300431F16 /* Products */,
			);
			sourceTree = "<group>";
		};
		B591FE211FE5F95300431F16 /* Products */ = {
			isa = PBXGroup;
			children = (
				B591FE201FE5F95300431F16 /* libAKAIIStringEncoding.a */,
				B591FE351FE5F9FD00431F16 /* AKAIIStringEncodingTests.xctest */,
			);
			name = Products;
			sourceTree = "<group>";
		};
		B591FE221FE5F95300431F16 /* AKAIIStringEncoding */ = {
			isa = PBXGroup;
			children = (
				B591FE2C1FE5F98700431F16 /* NSString+AKAIIStringEncoding.h */,
				B591FE2D1FE5F98700431F16 /* NSString+AKAIIStringEncoding.m */,
			);
			path = AKAIIStringEncoding;
			sourceTree = "<group>";
		};
		B591FE361FE5F9FD00431F16 /* AKAIIStringEncodingTests */ = {
			isa = PBXGroup;
			children = (
				B591FE371FE5F9FD00431F16 /* AKAIIStringEncodingTests.m */,
				B591FE391FE5F9FD00431F16 /* Info.plist */,
			);
			path = AKAIIStringEncodingTests;
			sourceTree = "<group>";
		};
/* End PBXGroup section */

/* Begin PBXHeadersBuildPhase section */
		B591FE1E1FE5F95300431F16 /* Headers */ = {
			isa = PBXHeadersBuildPhase;
			buildActionMask = 2147483647;
			files = (
				B591FE2E1FE5F98700431F16 /* NSString+AKAIIStringEncoding.h in Headers */,
			);
			runOnlyForDeploymentPostprocessing = 0;
		};
/* End PBXHeadersBuildPhase section */

/* Begin PBXNativeTarget section */
		B591FE1F1FE5F95300431F16 /* AKAIIStringEncoding */ = {
			isa = PBXNativeTarget;
			buildConfigurationList = B591FE291FE5F95300431F16 /* Build configuration list for PBXNativeTarget "AKAIIStringEncoding" */;
			buildPhases = (
				B591FE1C1FE5F95300431F16 /* Sources */,
				B591FE1D1FE5F95300431F16 /* Frameworks */,
				B591FE1E1FE5F95300431F16 /* Headers */,
			);
			buildRules = (
			);
			dependencies = (
			);
			name = AKAIIStringEncoding;
			productName = AKAIIStringEncoding;
			productReference = B591FE201FE5F95300431F16 /* libAKAIIStringEncoding.a */;
			productType = "com.apple.product-type.library.static";
		};
		B591FE341FE5F9FD00431F16 /* AKAIIStringEncodingTests */ = {
			isa = PBXNativeTarget;
			buildConfigurationList = B591FE3D1FE5F9FD00431F16 /* Build configuration list for PBXNativeTarget "AKAIIStringEncodingTests" */;
			buildPhases = (
				B591FE311FE5F9FD00431F16 /* Sources */,
				B591FE321FE5F9FD00431F16 /* Frameworks */,
				B591FE331FE5F9FD00431F16 /* Resources */,
			);
			buildRules = (
			);
			dependencies = (
				B591FE3C1FE5F9FD00431F16 /* PBXTargetDependency */,
			);
			name = AKAIIStringEncodingTests;
			productName = AKAIIStringEncodingTests;
			productReference = B591FE351FE5F9FD00431F16 /* AKAIIStringEncodingTests.xctest */;
			productType = "com.apple.product-type.bundle.unit-test";
		};
/* End PBXNativeTarget section */

/* Begin PBXProject section */
		B591FE181FE5F95300431F16 /* Project object */ = {
			isa = PBXProject;
			attributes = {
				LastUpgradeCheck = 0910;
				ORGANIZATIONNAME = Benjineering;
				TargetAttributes = {
					B591FE1F1FE5F95300431F16 = {
						CreatedOnToolsVersion = 9.1;
						ProvisioningStyle = Automatic;
					};
					B591FE341FE5F9FD00431F16 = {
						CreatedOnToolsVersion = 9.1;
						ProvisioningStyle = Automatic;
					};
				};
			};
			buildConfigurationList = B591FE1B1FE5F95300431F16 /* Build configuration list for PBXProject "AKAIIStringEncoding" */;
			compatibilityVersion = "Xcode 8.0";
			developmentRegion = en;
			hasScannedForEncodings = 0;
			knownRegions = (
				en,
			);
			mainGroup = B591FE171FE5F95300431F16;
			productRefGroup = B591FE211FE5F95300431F16 /* Products */;
			projectDirPath = "";
			projectRoot = "";
			targets = (
				B591FE1F1FE5F95300431F16 /* AKAIIStringEncoding */,
				B591FE341FE5F9FD00431F16 /* AKAIIStringEncodingTests */,
			);
		};
/* End PBXProject section */

/* Begin PBXResourcesBuildPhase section */
		B591FE331FE5F9FD00431F16 /* Resources */ = {
			isa = PBXResourcesBuildPhase;
			buildActionMask = 2147483647;
			files = (
			);
			runOnlyForDeploymentPostprocessing = 0;
		};
/* End PBXResourcesBuildPhase section */

/* Begin PBXSourcesBuildPhase section */
		B591FE1C1FE5F95300431F16 /* Sources */ = {
			isa = PBXSourcesBuildPhase;
			buildActionMask = 2147483647;
			files = (
				B591FE2F1FE5F98700431F16 /* NSString+AKAIIStringEncoding.m in Sources */,
			);
			runOnlyForDeploymentPostprocessing = 0;
		};
		B591FE311FE5F9FD00431F16 /* Sources */ = {
			isa = PBXSourcesBuildPhase;
			buildActionMask = 2147483647;
			files = (
				B591FE401FE5FB8C00431F16 /* NSString+AKAIIStringEncoding.m in Sources */,
				B591FE381FE5F9FD00431F16 /* AKAIIStringEncodingTests.m in Sources */,
			);
			runOnlyForDeploymentPostprocessing = 0;
		};
/* End PBXSourcesBuildPhase section */

/* Begin PBXTargetDependency section */
		B591FE3C1FE5F9FD00431F16 /* PBXTargetDependency */ = {
			isa = PBXTargetDependency;
			target = B591FE1F1FE5F95300431F16 /* AKAIIStringEncoding */;
			targetProxy = B591FE3B1FE5F9FD00431F16 /* PBXContainerItemProxy */;
		};
/* End PBXTargetDependency section */

/* Begin XCBuildConfiguration section */
		B591FE271FE5F95300431F16 /* Debug */ = {
			isa = XCBuildConfiguration;
			buildSettings = {
				ALWAYS_SEARCH_USER_PATHS = NO;
				CLANG_ANALYZER_NONNULL = YES;
				CLANG_ANALYZER_NUMBER_OBJECT_CONVERSION = YES_AGGRESSIVE;
				CLANG_CXX_LANGUAGE_STANDARD = "gnu++14";
				CLANG_CXX_LIBRARY = "libc++";
				CLANG_ENABLE_MODULES = YES;
				CLANG_ENABLE_OBJC_ARC = YES;
				CLANG_WARN_BLOCK_CAPTURE_AUTORELEASING = YES;
				CLANG_WARN_BOOL_CONVERSION = YES;
				CLANG_WARN_COMMA = YES;
				CLANG_WARN_CONSTANT_CONVERSION = YES;
				CLANG_WARN_DIRECT_OBJC_ISA_USAGE = YES_ERROR;
				CLANG_WARN_DOCUMENTATION_COMMENTS = YES;
				CLANG_WARN_EMPTY_BODY = YES;
				CLANG_WARN_ENUM_CONVERSION = YES;
				CLANG_WARN_INFINITE_RECURSION = YES;
				CLANG_WARN_INT_CONVERSION = YES;
				CLANG_WARN_NON_LITERAL_NULL_CONVERSION = YES;
				CLANG_WARN_OBJC_LITERAL_CONVERSION = YES;
				CLANG_WARN_OBJC_ROOT_CLASS = YES_ERROR;
				CLANG_WARN_RANGE_LOOP_ANALYSIS = YES;
				CLANG_WARN_STRICT_PROTOTYPES = YES;
				CLANG_WARN_SUSPICIOUS_MOVE = YES;
				CLANG_WARN_UNGUARDED_AVAILABILITY = YES_AGGRESSIVE;
				CLANG_WARN_UNREACHABLE_CODE = YES;
				CLANG_WARN__DUPLICATE_METHOD_MATCH = YES;
				CODE_SIGN_IDENTITY = "Mac Developer";
				COPY_PHASE_STRIP = NO;
				DEBUG_INFORMATION_FORMAT = dwarf;
				ENABLE_STRICT_OBJC_MSGSEND = YES;
				ENABLE_TESTABILITY = YES;
				GCC_C_LANGUAGE_STANDARD = gnu11;
				GCC_DYNAMIC_NO_PIC = NO;
				GCC_NO_COMMON_BLOCKS = YES;
				GCC_OPTIMIZATION_LEVEL = 0;
				GCC_PREPROCESSOR_DEFINITIONS = (
					"DEBUG=1",
					"$(inherited)",
				);
				GCC_WARN_64_TO_32_BIT_CONVERSION = YES;
				GCC_WARN_ABOUT_RETURN_TYPE = YES_ERROR;
				GCC_WARN_UNDECLARED_SELECTOR = YES;
				GCC_WARN_UNINITIALIZED_AUTOS = YES_AGGRESSIVE;
				GCC_WARN_UNUSED_FUNCTION = YES;
				GCC_WARN_UNUSED_VARIABLE = YES;
				MACOSX_DEPLOYMENT_TARGET = 10.12;
				MTL_ENABLE_DEBUG_INFO = YES;
				ONLY_ACTIVE_ARCH = YES;
				SDKROOT = macosx;
			};
			name = Debug;
		};
		B591FE281FE5F95300431F16 /* Release */ = {
			isa = XCBuildConfiguration;
			buildSettings = {
				ALWAYS_SEARCH_USER_PATHS = NO;
				CLANG_ANALYZER_NONNULL = YES;
				CLANG_ANALYZER_NUMBER_OBJECT_CONVERSION = YES_AGGRESSIVE;
				CLANG_CXX_LANGUAGE_STANDARD = "gnu++14";
				CLANG_CXX_LIBRARY = "libc++";
				CLANG_ENABLE_MODULES = YES;
				CLANG_ENABLE_OBJC_ARC = YES;
				CLANG_WARN_BLOCK_CAPTURE_AUTORELEASING = YES;
				CLANG_WARN_BOOL_CONVERSION = YES;
				CLANG_WARN_COMMA = YES;
				CLANG_WARN_CONSTANT_CONVERSION = YES;
				CLANG_WARN_DIRECT_OBJC_ISA_USAGE = YES_ERROR;
				CLANG_WARN_DOCUMENTATION_COMMENTS = YES;
				CLANG_WARN_EMPTY_BODY = YES;
				CLANG_WARN_ENUM_CONVERSION = YES;
				CLANG_WARN_INFINITE_RECURSION = YES;
				CLANG_WARN_INT_CONVERSION = YES;
				CLANG_WARN_NON_LITERAL_NULL_CONVERSION = YES;
				CLANG_WARN_OBJC_LITERAL_CONVERSION = YES;
				CLANG_WARN_OBJC_ROOT_CLASS = YES_ERROR;
				CLANG_WARN_RANGE_LOOP_ANALYSIS = YES;
				CLANG_WARN_STRICT_PROTOTYPES = YES;
				CLANG_WARN_SUSPICIOUS_MOVE = YES;
				CLANG_WARN_UNGUARDED_AVAILABILITY = YES_AGGRESSIVE;
				CLANG_WARN_UNREACHABLE_CODE = YES;
				CLANG_WARN__DUPLICATE_METHOD_MATCH = YES;
				CODE_SIGN_IDENTITY = "Mac Developer";
				COPY_PHASE_STRIP = NO;
				DEBUG_INFORMATION_FORMAT = "dwarf-with-dsym";
				ENABLE_NS_ASSERTIONS = NO;
				ENABLE_STRICT_OBJC_MSGSEND = YES;
				GCC_C_LANGUAGE_STANDARD = gnu11;
				GCC_NO_COMMON_BLOCKS = YES;
				GCC_WARN_64_TO_32_BIT_CONVERSION = YES;
				GCC_WARN_ABOUT_RETURN_TYPE = YES_ERROR;
				GCC_WARN_UNDECLARED_SELECTOR = YES;
				GCC_WARN_UNINITIALIZED_AUTOS = YES_AGGRESSIVE;
				GCC_WARN_UNUSED_FUNCTION = YES;
				GCC_WARN_UNUSED_VARIABLE = YES;
				MACOSX_DEPLOYMENT_TARGET = 10.12;
				MTL_ENABLE_DEBUG_INFO = NO;
				SDKROOT = macosx;
			};
			name = Release;
		};
		B591FE2A1FE5F95300431F16 /* Debug */ = {
			isa = XCBuildConfiguration;
			buildSettings = {
				CODE_SIGN_STYLE = Automatic;
				DEVELOPMENT_TEAM = 55K568X72D;
				EXECUTABLE_PREFIX = lib;
				PRODUCT_NAME = "$(TARGET_NAME)";
			};
			name = Debug;
		};
		B591FE2B1FE5F95300431F16 /* Release */ = {
			isa = XCBuildConfiguration;
			buildSettings = {
				CODE_SIGN_STYLE = Automatic;
				DEVELOPMENT_TEAM = 55K568X72D;
				EXECUTABLE_PREFIX = lib;
				PRODUCT_NAME = "$(TARGET_NAME)";
			};
			name = Release;
		};
		B591FE3E1FE5F9FD00431F16 /* Debug */ = {
			isa = XCBuildConfiguration;
			buildSettings = {
				CODE_SIGN_STYLE = Automatic;
				COMBINE_HIDPI_IMAGES = YES;
				DEVELOPMENT_TEAM = 55K568X72D;
				INFOPLIST_FILE = AKAIIStringEncodingTests/Info.plist;
				LD_RUNPATH_SEARCH_PATHS = "$(inherited) @executable_path/../Frameworks @loader_path/../Frameworks";
				PRODUCT_BUNDLE_IDENTIFIER = benjineering.AKAIIStringEncodingTests;
				PRODUCT_NAME = "$(TARGET_NAME)";
			};
			name = Debug;
		};
		B591FE3F1FE5F9FD00431F16 /* Release */ = {
			isa = XCBuildConfiguration;
			buildSettings = {
				CODE_SIGN_STYLE = Automatic;
				COMBINE_HIDPI_IMAGES = YES;
				DEVELOPMENT_TEAM = 55K568X72D;
				INFOPLIST_FILE = AKAIIStringEncodingTests/Info.plist;
				LD_RUNPATH_SEARCH_PATHS = "$(inherited) @executable_path/../Frameworks @loader_path/../Frameworks";
				PRODUCT_BUNDLE_IDENTIFIER = benjineering.AKAIIStringEncodingTests;
				PRODUCT_NAME = "$(TARGET_NAME)";
			};
			name = Release;
		};
/* End XCBuildConfiguration section */

/* Begin XCConfigurationList section */
		B591FE1B1FE5F95300431F16 /* Build configuration list for PBXProject "AKAIIStringEncoding" */ = {
			isa = XCConfigurationList;
			buildConfigurations = (
				B591FE271FE5F95300431F16 /* Debug */,
				B591FE281FE5F95300431F16 /* Release */,
			);
			defaultConfigurationIsVisible = 0;
			defaultConfigurationName = Release;
		};
		B591FE291FE5F95300431F16 /* Build configuration list for PBXNativeTarget "AKAIIStringEncoding" */ = {
			isa = XCConfigurationList;
			buildConfigurations = (
				B591FE2A1FE5F95300431F16 /* Debug */,
				B591FE2B1FE5F95300431F16 /* Release */,
			);
			defaultConfigurationIsVisible = 0;
			defaultConfigurationName = Release;
		};
		B591FE3D1FE5F9FD00431F16 /* Build configuration list for PBXNativeTarget "AKAIIStringEncodingTests" */ = {
			isa = XCConfigurationList;
			buildConfigurations = (
				B591FE3E1FE5F9FD00431F16 /* Debug */,
				B591FE3F1FE5F9FD00431F16 /* Release */,
			);
			defaultConfigurationIsVisible = 0;
			defaultConfigurationName = Release;
		};
/* End XCConfigurationList section */
	};
	rootObject = B591FE181FE5F95300431F16 /* Project object */;
}
